// !$*UTF8*$!
{
	archiveVersion = 1;
	classes = {
	};
	objectVersion = 50;
	objects = {

/* Begin PBXBuildFile section */
		65148B64210BFBC9000815A4 /* AppDelegate.swift in Sources */ = {isa = PBXBuildFile; fileRef = 65148B63210BFBC9000815A4 /* AppDelegate.swift */; };
		65148B66210BFBC9000815A4 /* EmojiViewController.swift in Sources */ = {isa = PBXBuildFile; fileRef = 65148B65210BFBC9000815A4 /* EmojiViewController.swift */; };
		65148B69210BFBC9000815A4 /* Main.storyboard in Resources */ = {isa = PBXBuildFile; fileRef = 65148B67210BFBC9000815A4 /* Main.storyboard */; };
		65148B6B210BFBCA000815A4 /* Assets.xcassets in Resources */ = {isa = PBXBuildFile; fileRef = 65148B6A210BFBCA000815A4 /* Assets.xcassets */; };
		65148B6E210BFBCA000815A4 /* LaunchScreen.storyboard in Resources */ = {isa = PBXBuildFile; fileRef = 65148B6C210BFBCA000815A4 /* LaunchScreen.storyboard */; };
		65148B76210C0261000815A4 /* ImageCollectionViewCell.swift in Sources */ = {isa = PBXBuildFile; fileRef = 65148B75210C0261000815A4 /* ImageCollectionViewCell.swift */; };
/* End PBXBuildFile section */

/* Begin PBXFileReference section */
		65148B60210BFBC9000815A4 /* Party App.app */ = {isa = PBXFileReference; explicitFileType = wrapper.application; includeInIndex = 0; path = "Party App.app"; sourceTree = BUILT_PRODUCTS_DIR; };
		65148B63210BFBC9000815A4 /* AppDelegate.swift */ = {isa = PBXFileReference; lastKnownFileType = sourcecode.swift; path = AppDelegate.swift; sourceTree = "<group>"; };
		65148B65210BFBC9000815A4 /* EmojiViewController.swift */ = {isa = PBXFileReference; lastKnownFileType = sourcecode.swift; path = EmojiViewController.swift; sourceTree = "<group>"; };
		65148B68210BFBC9000815A4 /* Base */ = {isa = PBXFileReference; lastKnownFileType = file.storyboard; name = Base; path = Base.lproj/Main.storyboard; sourceTree = "<group>"; };
		65148B6A210BFBCA000815A4 /* Assets.xcassets */ = {isa = PBXFileReference; lastKnownFileType = folder.assetcatalog; path = Assets.xcassets; sourceTree = "<group>"; };
		65148B6D210BFBCA000815A4 /* Base */ = {isa = PBXFileReference; lastKnownFileType = file.storyboard; name = Base; path = Base.lproj/LaunchScreen.storyboard; sourceTree = "<group>"; };
		65148B6F210BFBCA000815A4 /* Info.plist */ = {isa = PBXFileReference; lastKnownFileType = text.plist.xml; path = Info.plist; sourceTree = "<group>"; };
		65148B75210C0261000815A4 /* ImageCollectionViewCell.swift */ = {isa = PBXFileReference; lastKnownFileType = sourcecode.swift; path = ImageCollectionViewCell.swift; sourceTree = "<group>"; };
/* End PBXFileReference section */

/* Begin PBXFrameworksBuildPhase section */
		65148B5D210BFBC9000815A4 /* Frameworks */ = {
			isa = PBXFrameworksBuildPhase;
			buildActionMask = 2147483647;
			files = (
			);
			runOnlyForDeploymentPostprocessing = 0;
		};
/* End PBXFrameworksBuildPhase section */

/* Begin PBXGroup section */
		65148B57210BFBC9000815A4 = {
			isa = PBXGroup;
			children = (
				65148B62210BFBC9000815A4 /* Party App */,
				65148B61210BFBC9000815A4 /* Products */,
			);
			sourceTree = "<group>";
		};
		65148B61210BFBC9000815A4 /* Products */ = {
			isa = PBXGroup;
			children = (
				65148B60210BFBC9000815A4 /* Party App.app */,
			);
			name = Products;
			sourceTree = "<group>";
		};
		65148B62210BFBC9000815A4 /* Party App */ = {
			isa = PBXGroup;
			children = (
				65148B63210BFBC9000815A4 /* AppDelegate.swift */,
				65148B65210BFBC9000815A4 /* EmojiViewController.swift */,
				65148B67210BFBC9000815A4 /* Main.storyboard */,
				65148B75210C0261000815A4 /* ImageCollectionViewCell.swift */,
				65148B6A210BFBCA000815A4 /* Assets.xcassets */,
				65148B6C210BFBCA000815A4 /* LaunchScreen.storyboard */,
				65148B6F210BFBCA000815A4 /* Info.plist */,
			);
			path = "Party App";
			sourceTree = "<group>";
		};
/* End PBXGroup section */

/* Begin PBXNativeTarget section */
		65148B5F210BFBC9000815A4 /* Party App */ = {
			isa = PBXNativeTarget;
			buildConfigurationList = 65148B72210BFBCA000815A4 /* Build configuration list for PBXNativeTarget "Party App" */;
			buildPhases = (
				65148B5C210BFBC9000815A4 /* Sources */,
				65148B5D210BFBC9000815A4 /* Frameworks */,
				65148B5E210BFBC9000815A4 /* Resources */,
			);
			buildRules = (
			);
			dependencies = (
			);
			name = "Party App";
			productName = "Party App";
			productReference = 65148B60210BFBC9000815A4 /* Party App.app */;
			productType = "com.apple.product-type.application";
		};
/* End PBXNativeTarget section */

/* Begin PBXProject section */
		65148B58210BFBC9000815A4 /* Project object */ = {
			isa = PBXProject;
			attributes = {
				LastSwiftUpdateCheck = 0930;
				LastUpgradeCheck = 0930;
				ORGANIZATIONNAME = "Placeholder Interactive";
				TargetAttributes = {
					65148B5F210BFBC9000815A4 = {
						CreatedOnToolsVersion = 9.3.1;
					};
				};
			};
			buildConfigurationList = 65148B5B210BFBC9000815A4 /* Build configuration list for PBXProject "Party App" */;
			compatibilityVersion = "Xcode 9.3";
			developmentRegion = en;
			hasScannedForEncodings = 0;
			knownRegions = (
				en,
				Base,
			);
			mainGroup = 65148B57210BFBC9000815A4;
			productRefGroup = 65148B61210BFBC9000815A4 /* Products */;
			projectDirPath = "";
			projectRoot = "";
			targets = (
				65148B5F210BFBC9000815A4 /* Party App */,
			);
		};
/* End PBXProject section */

/* Begin PBXResourcesBuildPhase section */
		65148B5E210BFBC9000815A4 /* Resources */ = {
			isa = PBXResourcesBuildPhase;
			buildActionMask = 2147483647;
			files = (
				65148B6E210BFBCA000815A4 /* LaunchScreen.storyboard in Resources */,
				65148B6B210BFBCA000815A4 /* Assets.xcassets in Resources */,
				65148B69210BFBC9000815A4 /* Main.storyboard in Resources */,
			);
			runOnlyForDeploymentPostprocessing = 0;
		};
/* End PBXResourcesBuildPhase section */

/* Begin PBXSourcesBuildPhase section */
		65148B5C210BFBC9000815A4 /* Sources */ = {
			isa = PBXSourcesBuildPhase;
			buildActionMask = 2147483647;
			files = (
				65148B76210C0261000815A4 /* ImageCollectionViewCell.swift in Sources */,
				65148B66210BFBC9000815A4 /* EmojiViewController.swift in Sources */,
				65148B64210BFBC9000815A4 /* AppDelegate.swift in Sources */,
			);
			runOnlyForDeploymentPostprocessing = 0;
		};
/* End PBXSourcesBuildPhase section */

/* Begin PBXVariantGroup section */
		65148B67210BFBC9000815A4 /* Main.storyboard */ = {
			isa = PBXVariantGroup;
			children = (
				65148B68210BFBC9000815A4 /* Base */,
			);
			name = Main.storyboard;
			sourceTree = "<group>";
		};
		65148B6C210BFBCA000815A4 /* LaunchScreen.storyboard */ = {
			isa = PBXVariantGroup;
			children = (
				65148B6D210BFBCA000815A4 /* Base */,
			);
			name = LaunchScreen.storyboard;
			sourceTree = "<group>";
		};
/* End PBXVariantGroup section */

/* Begin XCBuildConfiguration section */
		65148B70210BFBCA000815A4 /* Debug */ = {
			isa = XCBuildConfiguration;
			buildSettings = {
				ALWAYS_SEARCH_USER_PATHS = NO;
				CLANG_ANALYZER_NONNULL = YES;
				CLANG_ANALYZER_NUMBER_OBJECT_CONVERSION = YES_AGGRESSIVE;
				CLANG_CXX_LANGUAGE_STANDARD = "gnu++14";
				CLANG_CXX_LIBRARY = "libc++";
				CLANG_ENABLE_MODULES = YES;
				CLANG_ENABLE_OBJC_ARC = YES;
				CLANG_ENABLE_OBJC_WEAK = YES;
				CLANG_WARN_BLOCK_CAPTURE_AUTORELEASING = YES;
				CLANG_WARN_BOOL_CONVERSION = YES;
				CLANG_WARN_COMMA = YES;
				CLANG_WARN_CONSTANT_CONVERSION = YES;
				CLANG_WARN_DEPRECATED_OBJC_IMPLEMENTATIONS = YES;
				CLANG_WARN_DIRECT_OBJC_ISA_USAGE = YES_ERROR;
				CLANG_WARN_DOCUMENTATION_COMMENTS = YES;
				CLANG_WARN_EMPTY_BODY = YES;
				CLANG_WARN_ENUM_CONVERSION = YES;
				CLANG_WARN_INFINITE_RECURSION = YES;
				CLANG_WARN_INT_CONVERSION = YES;
				CLANG_WARN_NON_LITERAL_NULL_CONVERSION = YES;
				CLANG_WARN_OBJC_IMPLICIT_RETAIN_SELF = YES;
				CLANG_WARN_OBJC_LITERAL_CONVERSION = YES;
				CLANG_WARN_OBJC_ROOT_CLASS = YES_ERROR;
				CLANG_WARN_RANGE_LOOP_ANALYSIS = YES;
				CLANG_WARN_STRICT_PROTOTYPES = YES;
				CLANG_WARN_SUSPICIOUS_MOVE = YES;
				CLANG_WARN_UNGUARDED_AVAILABILITY = YES_AGGRESSIVE;
				CLANG_WARN_UNREACHABLE_CODE = YES;
				CLANG_WARN__DUPLICATE_METHOD_MATCH = YES;
				CODE_SIGN_IDENTITY = "iPhone Developer";
				COPY_PHASE_STRIP = NO;
				DEBUG_INFORMATION_FORMAT = dwarf;
				ENABLE_STRICT_OBJC_MSGSEND = YES;
				ENABLE_TESTABILITY = YES;
				GCC_C_LANGUAGE_STANDARD = gnu11;
				GCC_DYNAMIC_NO_PIC = NO;
				GCC_NO_COMMON_BLOCKS = YES;
				GCC_OPTIMIZATION_LEVEL = 0;
				GCC_PREPROCESSOR_DEFINITIONS = (
					"DEBUG=1",
					"$(inherited)",
				);
				GCC_WARN_64_TO_32_BIT_CONVERSION = YES;
				GCC_WARN_ABOUT_RETURN_TYPE = YES_ERROR;
				GCC_WARN_UNDECLARED_SELECTOR = YES;
				GCC_WARN_UNINITIALIZED_AUTOS = YES_AGGRESSIVE;
				GCC_WARN_UNUSED_FUNCTION = YES;
				GCC_WARN_UNUSED_VARIABLE = YES;
				IPHONEOS_DEPLOYMENT_TARGET = 11.3;
				MTL_ENABLE_DEBUG_INFO = YES;
				ONLY_ACTIVE_ARCH = YES;
				SDKROOT = iphoneos;
				SWIFT_ACTIVE_COMPILATION_CONDITIONS = DEBUG;
				SWIFT_OPTIMIZATION_LEVEL = "-Onone";
			};
			name = Debug;
		};
		65148B71210BFBCA000815A4 /* Release */ = {
			isa = XCBuildConfiguration;
			buildSettings = {
				ALWAYS_SEARCH_USER_PATHS = NO;
				CLANG_ANALYZER_NONNULL = YES;
				CLANG_ANALYZER_NUMBER_OBJECT_CONVERSION = YES_AGGRESSIVE;
				CLANG_CXX_LANGUAGE_STANDARD = "gnu++14";
				CLANG_CXX_LIBRARY = "libc++";
				CLANG_ENABLE_MODULES = YES;
				CLANG_ENABLE_OBJC_ARC = YES;
				CLANG_ENABLE_OBJC_WEAK = YES;
				CLANG_WARN_BLOCK_CAPTURE_AUTORELEASING = YES;
				CLANG_WARN_BOOL_CONVERSION = YES;
				CLANG_WARN_COMMA = YES;
				CLANG_WARN_CONSTANT_CONVERSION = YES;
				CLANG_WARN_DEPRECATED_OBJC_IMPLEMENTATIONS = YES;
				CLANG_WARN_DIRECT_OBJC_ISA_USAGE = YES_ERROR;
				CLANG_WARN_DOCUMENTATION_COMMENTS = YES;
				CLANG_WARN_EMPTY_BODY = YES;
				CLANG_WARN_ENUM_CONVERSION = YES;
				CLANG_WARN_INFINITE_RECURSION = YES;
				CLANG_WARN_INT_CONVERSION = YES;
				CLANG_WARN_NON_LITERAL_NULL_CONVERSION = YES;
				CLANG_WARN_OBJC_IMPLICIT_RETAIN_SELF = YES;
				CLANG_WARN_OBJC_LITERAL_CONVERSION = YES;
				CLANG_WARN_OBJC_ROOT_CLASS = YES_ERROR;
				CLANG_WARN_RANGE_LOOP_ANALYSIS = YES;
				CLANG_WARN_STRICT_PROTOTYPES = YES;
				CLANG_WARN_SUSPICIOUS_MOVE = YES;
				CLANG_WARN_UNGUARDED_AVAILABILITY = YES_AGGRESSIVE;
				CLANG_WARN_UNREACHABLE_CODE = YES;
				CLANG_WARN__DUPLICATE_METHOD_MATCH = YES;
				CODE_SIGN_IDENTITY = "iPhone Developer";
				COPY_PHASE_STRIP = NO;
				DEBUG_INFORMATION_FORMAT = "dwarf-with-dsym";
				ENABLE_NS_ASSERTIONS = NO;
				ENABLE_STRICT_OBJC_MSGSEND = YES;
				GCC_C_LANGUAGE_STANDARD = gnu11;
				GCC_NO_COMMON_BLOCKS = YES;
				GCC_WARN_64_TO_32_BIT_CONVERSION = YES;
				GCC_WARN_ABOUT_RETURN_TYPE = YES_ERROR;
				GCC_WARN_UNDECLARED_SELECTOR = YES;
				GCC_WARN_UNINITIALIZED_AUTOS = YES_AGGRESSIVE;
				GCC_WARN_UNUSED_FUNCTION = YES;
				GCC_WARN_UNUSED_VARIABLE = YES;
				IPHONEOS_DEPLOYMENT_TARGET = 11.3;
				MTL_ENABLE_DEBUG_INFO = NO;
				SDKROOT = iphoneos;
				SWIFT_COMPILATION_MODE = wholemodule;
				SWIFT_OPTIMIZATION_LEVEL = "-O";
				VALIDATE_PRODUCT = YES;
			};
			name = Release;
		};
		65148B73210BFBCA000815A4 /* Debug */ = {
			isa = XCBuildConfiguration;
			buildSettings = {
				ASSETCATALOG_COMPILER_APPICON_NAME = AppIcon;
				CODE_SIGN_STYLE = Automatic;
				DEVELOPMENT_TEAM = 2XU3BMKNS4;
				INFOPLIST_FILE = "Party App/Info.plist";
				LD_RUNPATH_SEARCH_PATHS = (
					"$(inherited)",
					"@executable_path/Frameworks",
				);
				PRODUCT_BUNDLE_IDENTIFIER = "com.sampletexto.Party-App";
				PRODUCT_NAME = "$(TARGET_NAME)";
				SWIFT_VERSION = 4.0;
				TARGETED_DEVICE_FAMILY = "1,2";
			};
			name = Debug;
		};
		65148B74210BFBCA000815A4 /* Release */ = {
			isa = XCBuildConfiguration;
			buildSettings = {
				ASSETCATALOG_COMPILER_APPICON_NAME = AppIcon;
				CODE_SIGN_STYLE = Automatic;
				DEVELOPMENT_TEAM = 2XU3BMKNS4;
				INFOPLIST_FILE = "Party App/Info.plist";
				LD_RUNPATH_SEARCH_PATHS = (
					"$(inherited)",
					"@executable_path/Frameworks",
				);
				PRODUCT_BUNDLE_IDENTIFIER = "com.sampletexto.Party-App";
				PRODUCT_NAME = "$(TARGET_NAME)";
				SWIFT_VERSION = 4.0;
				TARGETED_DEVICE_FAMILY = "1,2";
			};
			name = Release;
		};
/* End XCBuildConfiguration section */

/* Begin XCConfigurationList section */
		65148B5B210BFBC9000815A4 /* Build configuration list for PBXProject "Party App" */ = {
			isa = XCConfigurationList;
			buildConfigurations = (
				65148B70210BFBCA000815A4 /* Debug */,
				65148B71210BFBCA000815A4 /* Release */,
			);
			defaultConfigurationIsVisible = 0;
			defaultConfigurationName = Release;
		};
		65148B72210BFBCA000815A4 /* Build configuration list for PBXNativeTarget "Party App" */ = {
			isa = XCConfigurationList;
			buildConfigurations = (
				65148B73210BFBCA000815A4 /* Debug */,
				65148B74210BFBCA000815A4 /* Release */,
			);
			defaultConfigurationIsVisible = 0;
			defaultConfigurationName = Release;
		};
/* End XCConfigurationList section */
	};
	rootObject = 65148B58210BFBC9000815A4 /* Project object */;
}
